
Microsoft Visual Studio Solution File, Format Version 12.00
# Visual Studio Version 16
VisualStudioVersion = 16.0.30611.23
MinimumVisualStudioVersion = 10.0.40219.1
Project("{FAE04EC0-301F-11D3-BF4B-00C04F79EFBC}") = "AdivinaNumero", "AdivinaNumero\AdivinaNumero.csproj", "{1E89252D-5920-461A-B67C-B3471D549324}"
EndProject
Global
	GlobalSection(SolutionConfigurationPlatforms) = preSolution
		Debug|Any CPU = Debug|Any CPU
		Release|Any CPU = Release|Any CPU
	EndGlobalSection
	GlobalSection(ProjectConfigurationPlatforms) = postSolution
		{1E89252D-5920-461A-B67C-B3471D549324}.Debug|Any CPU.ActiveCfg = Debug|Any CPU
		{1E89252D-5920-461A-B67C-B3471D549324}.Debug|Any CPU.Build.0 = Debug|Any CPU
		{1E89252D-5920-461A-B67C-B3471D549324}.Release|Any CPU.ActiveCfg = Release|Any CPU
		{1E89252D-5920-461A-B67C-B3471D549324}.Release|Any CPU.Build.0 = Release|Any CPU
	EndGlobalSection
	GlobalSection(SolutionProperties) = preSolution
		HideSolutionNode = FALSE
	EndGlobalSection
	GlobalSection(ExtensibilityGlobals) = postSolution
		SolutionGuid = {6C23B0C0-B956-40D0-82CB-9DAF03922D93}
	EndGlobalSection
EndGlobal
